
Microsoft Visual Studio Solution File, Format Version 12.00
# Visual Studio Version 16
VisualStudioVersion = 16.0.31702.278
MinimumVisualStudioVersion = 10.0.40219.1
Project("{FAE04EC0-301F-11D3-BF4B-00C04F79EFBC}") = "GetIPServer", "GetIPServer.csproj", "{33B65057-E675-48C4-A136-F10EDBFC1591}"
EndProject
Global
	GlobalSection(SolutionConfigurationPlatforms) = preSolution
		Debug|Any CPU = Debug|Any CPU
		Release|Any CPU = Release|Any CPU
	EndGlobalSection
	GlobalSection(ProjectConfigurationPlatforms) = postSolution
		{33B65057-E675-48C4-A136-F10EDBFC1591}.Debug|Any CPU.ActiveCfg = Debug|Any CPU
		{33B65057-E675-48C4-A136-F10EDBFC1591}.Debug|Any CPU.Build.0 = Debug|Any CPU
		{33B65057-E675-48C4-A136-F10EDBFC1591}.Release|Any CPU.ActiveCfg = Release|Any CPU
		{33B65057-E675-48C4-A136-F10EDBFC1591}.Release|Any CPU.Build.0 = Release|Any CPU
	EndGlobalSection
	GlobalSection(SolutionProperties) = preSolution
		HideSolutionNode = FALSE
	EndGlobalSection
	GlobalSection(ExtensibilityGlobals) = postSolution
		SolutionGuid = {2E7E4E27-02B5-4968-AFD4-DC53C23ABFBF}
	EndGlobalSection
EndGlobal
